
Microsoft Visual Studio Solution File, Format Version 12.00
# Visual Studio 2017
Project("{FAE04EC0-301F-11D3-BF4B-00C04F79EFBC}") = "Blood Vain_009.Plugins", "Blood Vain_009.Plugins.csproj", "{8D5F4916-6743-82AD-3392-186DEF9DEBC9}"
EndProject
Project("{FAE04EC0-301F-11D3-BF4B-00C04F79EFBC}") = "Blood Vain_009", "Blood Vain_009.csproj", "{17AFE6A3-3939-8E68-6004-8FD578CB6391}"
EndProject
Project("{FAE04EC0-301F-11D3-BF4B-00C04F79EFBC}") = "Blood Vain_009.Editor.Plugins", "Blood Vain_009.Editor.Plugins.csproj", "{05E916B8-5BA1-A2D4-A95B-365D586FB85B}"
EndProject
Global
	GlobalSection(SolutionConfigurationPlatforms) = preSolution
		Debug|Any CPU = Debug|Any CPU
		Release|Any CPU = Release|Any CPU
	EndGlobalSection
	GlobalSection(ProjectConfigurationPlatforms) = postSolution
		{8D5F4916-6743-82AD-3392-186DEF9DEBC9}.Debug|Any CPU.ActiveCfg = Debug|Any CPU
		{8D5F4916-6743-82AD-3392-186DEF9DEBC9}.Debug|Any CPU.Build.0 = Debug|Any CPU
		{8D5F4916-6743-82AD-3392-186DEF9DEBC9}.Release|Any CPU.ActiveCfg = Release|Any CPU
		{8D5F4916-6743-82AD-3392-186DEF9DEBC9}.Release|Any CPU.Build.0 = Release|Any CPU
		{17AFE6A3-3939-8E68-6004-8FD578CB6391}.Debug|Any CPU.ActiveCfg = Debug|Any CPU
		{17AFE6A3-3939-8E68-6004-8FD578CB6391}.Debug|Any CPU.Build.0 = Debug|Any CPU
		{17AFE6A3-3939-8E68-6004-8FD578CB6391}.Release|Any CPU.ActiveCfg = Release|Any CPU
		{17AFE6A3-3939-8E68-6004-8FD578CB6391}.Release|Any CPU.Build.0 = Release|Any CPU
		{05E916B8-5BA1-A2D4-A95B-365D586FB85B}.Debug|Any CPU.ActiveCfg = Debug|Any CPU
		{05E916B8-5BA1-A2D4-A95B-365D586FB85B}.Debug|Any CPU.Build.0 = Debug|Any CPU
		{05E916B8-5BA1-A2D4-A95B-365D586FB85B}.Release|Any CPU.ActiveCfg = Release|Any CPU
		{05E916B8-5BA1-A2D4-A95B-365D586FB85B}.Release|Any CPU.Build.0 = Release|Any CPU
	EndGlobalSection
	GlobalSection(SolutionProperties) = preSolution
		HideSolutionNode = FALSE
	EndGlobalSection
EndGlobal
