
Microsoft Visual Studio Solution File, Format Version 12.00
# Visual Studio 2017
Project("{FAE04EC0-301F-11D3-BF4B-00C04F79EFBC}") = "Blood Vain_002.Plugins", "Blood Vain_002.Plugins.csproj", "{EFB04225-F5D6-D024-2811-8541A9F03FFB}"
EndProject
Project("{FAE04EC0-301F-11D3-BF4B-00C04F79EFBC}") = "Blood Vain_002", "Blood Vain_002.csproj", "{5D5124AF-9F2B-6F65-FF9D-4F89F9707F43}"
EndProject
Project("{FAE04EC0-301F-11D3-BF4B-00C04F79EFBC}") = "Blood Vain_002.Editor.Plugins", "Blood Vain_002.Editor.Plugins.csproj", "{A2B49297-125B-8EE5-0130-D511B1D6D72B}"
EndProject
Global
	GlobalSection(SolutionConfigurationPlatforms) = preSolution
		Debug|Any CPU = Debug|Any CPU
		Release|Any CPU = Release|Any CPU
	EndGlobalSection
	GlobalSection(ProjectConfigurationPlatforms) = postSolution
		{EFB04225-F5D6-D024-2811-8541A9F03FFB}.Debug|Any CPU.ActiveCfg = Debug|Any CPU
		{EFB04225-F5D6-D024-2811-8541A9F03FFB}.Debug|Any CPU.Build.0 = Debug|Any CPU
		{EFB04225-F5D6-D024-2811-8541A9F03FFB}.Release|Any CPU.ActiveCfg = Release|Any CPU
		{EFB04225-F5D6-D024-2811-8541A9F03FFB}.Release|Any CPU.Build.0 = Release|Any CPU
		{5D5124AF-9F2B-6F65-FF9D-4F89F9707F43}.Debug|Any CPU.ActiveCfg = Debug|Any CPU
		{5D5124AF-9F2B-6F65-FF9D-4F89F9707F43}.Debug|Any CPU.Build.0 = Debug|Any CPU
		{5D5124AF-9F2B-6F65-FF9D-4F89F9707F43}.Release|Any CPU.ActiveCfg = Release|Any CPU
		{5D5124AF-9F2B-6F65-FF9D-4F89F9707F43}.Release|Any CPU.Build.0 = Release|Any CPU
		{A2B49297-125B-8EE5-0130-D511B1D6D72B}.Debug|Any CPU.ActiveCfg = Debug|Any CPU
		{A2B49297-125B-8EE5-0130-D511B1D6D72B}.Debug|Any CPU.Build.0 = Debug|Any CPU
		{A2B49297-125B-8EE5-0130-D511B1D6D72B}.Release|Any CPU.ActiveCfg = Release|Any CPU
		{A2B49297-125B-8EE5-0130-D511B1D6D72B}.Release|Any CPU.Build.0 = Release|Any CPU
	EndGlobalSection
	GlobalSection(SolutionProperties) = preSolution
		HideSolutionNode = FALSE
	EndGlobalSection
EndGlobal
