
Microsoft Visual Studio Solution File, Format Version 12.00
# Visual Studio 2017
Project("{FAE04EC0-301F-11D3-BF4B-00C04F79EFBC}") = "Inside_the_Mind_of_JS.Plugins", "Inside_the_Mind_of_JS.Plugins.csproj", "{5DA057E6-3297-D7E0-700D-D4013E62684A}"
EndProject
Project("{FAE04EC0-301F-11D3-BF4B-00C04F79EFBC}") = "Inside_the_Mind_of_JS", "Inside_the_Mind_of_JS.csproj", "{46537184-432E-2F12-1E8D-EF4A3796285D}"
EndProject
Project("{FAE04EC0-301F-11D3-BF4B-00C04F79EFBC}") = "Inside_the_Mind_of_JS.Editor.Plugins", "Inside_the_Mind_of_JS.Editor.Plugins.csproj", "{D0EC947B-FDF5-9408-F630-B9C2C77C319E}"
EndProject
Project("{FAE04EC0-301F-11D3-BF4B-00C04F79EFBC}") = "Inside_the_Mind_of_JS.Editor", "Inside_the_Mind_of_JS.Editor.csproj", "{44395DDD-FFC2-38F4-2AAC-5D25F61DDD30}"
EndProject
Global
	GlobalSection(SolutionConfigurationPlatforms) = preSolution
		Debug|Any CPU = Debug|Any CPU
		Release|Any CPU = Release|Any CPU
	EndGlobalSection
	GlobalSection(ProjectConfigurationPlatforms) = postSolution
		{5DA057E6-3297-D7E0-700D-D4013E62684A}.Debug|Any CPU.ActiveCfg = Debug|Any CPU
		{5DA057E6-3297-D7E0-700D-D4013E62684A}.Debug|Any CPU.Build.0 = Debug|Any CPU
		{5DA057E6-3297-D7E0-700D-D4013E62684A}.Release|Any CPU.ActiveCfg = Release|Any CPU
		{5DA057E6-3297-D7E0-700D-D4013E62684A}.Release|Any CPU.Build.0 = Release|Any CPU
		{46537184-432E-2F12-1E8D-EF4A3796285D}.Debug|Any CPU.ActiveCfg = Debug|Any CPU
		{46537184-432E-2F12-1E8D-EF4A3796285D}.Debug|Any CPU.Build.0 = Debug|Any CPU
		{46537184-432E-2F12-1E8D-EF4A3796285D}.Release|Any CPU.ActiveCfg = Release|Any CPU
		{46537184-432E-2F12-1E8D-EF4A3796285D}.Release|Any CPU.Build.0 = Release|Any CPU
		{D0EC947B-FDF5-9408-F630-B9C2C77C319E}.Debug|Any CPU.ActiveCfg = Debug|Any CPU
		{D0EC947B-FDF5-9408-F630-B9C2C77C319E}.Debug|Any CPU.Build.0 = Debug|Any CPU
		{D0EC947B-FDF5-9408-F630-B9C2C77C319E}.Release|Any CPU.ActiveCfg = Release|Any CPU
		{D0EC947B-FDF5-9408-F630-B9C2C77C319E}.Release|Any CPU.Build.0 = Release|Any CPU
		{44395DDD-FFC2-38F4-2AAC-5D25F61DDD30}.Debug|Any CPU.ActiveCfg = Debug|Any CPU
		{44395DDD-FFC2-38F4-2AAC-5D25F61DDD30}.Debug|Any CPU.Build.0 = Debug|Any CPU
		{44395DDD-FFC2-38F4-2AAC-5D25F61DDD30}.Release|Any CPU.ActiveCfg = Release|Any CPU
		{44395DDD-FFC2-38F4-2AAC-5D25F61DDD30}.Release|Any CPU.Build.0 = Release|Any CPU
	EndGlobalSection
	GlobalSection(SolutionProperties) = preSolution
		HideSolutionNode = FALSE
	EndGlobalSection
EndGlobal
